# This file is automatically @generated by Cargo.
# It is not intended for manual editing.
version = 3

[[package]]
name = "cookie"
version = "0.16.0"
source = "registry+https://github.com/rust-lang/crates.io-index"
checksum = "94d4706de1b0fa5b132270cddffa8585166037822e260a944fe161acd137ca05"
dependencies = [
 "time 0.3.9",
 "version_check",
]

[[package]]
name = "gcc"
version = "0.1.6"
source = "registry+https://github.com/rust-lang/crates.io-index"
checksum = "4991d18441914778e4553b7e4df09c50dff51c23fe2146f60a6dac6283b93d52"

[[package]]
name = "hyper"
version = "0.1.7"
source = "registry+https://github.com/rust-lang/crates.io-index"
checksum = "0d10475b6a8ac1e4e70eaa367ad79c7a2f2aef62140ee5c8a45ba9f8a905a122"
dependencies = [
 "cookie",
 "log",
 "mime",
 "mucell",
 "openssl",
 "rustc-serialize",
 "time 0.1.14",
 "unicase",
 "unsafe-any",
 "url",
]

[[package]]
name = "itoa"
version = "1.0.2"
source = "registry+https://github.com/rust-lang/crates.io-index"
checksum = "112c678d4050afce233f4f2852bb2eb519230b3cf12f33585275537d7e41578d"

[[package]]
name = "libc"
version = "0.1.0"
source = "registry+https://github.com/rust-lang/crates.io-index"
checksum = "367f169cc2ae9afbe5c7309b3d5c34dced82e9da121104d2b826cf2aee3502ae"

[[package]]
name = "libc"
version = "0.2.126"
source = "registry+https://github.com/rust-lang/crates.io-index"
checksum = "349d5a591cd28b49e1d1037471617a32ddcda5731b99419008085f72d5a53836"

[[package]]
name = "libressl-pnacl-sys"
version = "2.1.4"
source = "registry+https://github.com/rust-lang/crates.io-index"
checksum = "7eed9b0c8e93da1a9c5ed527886bdf7f8d7a184058ea9748462cd2a96ee71e36"
dependencies = [
 "pnacl-build-helper",
]

[[package]]
name = "log"
version = "0.1.10"
source = "registry+https://github.com/rust-lang/crates.io-index"
checksum = "527343c5c05a389bbd6818d495e5d7577feb4dd51ca698c158edabf398a3a4bc"
dependencies = [
 "regex",
]

[[package]]
name = "matches"
version = "0.1.2"
source = "registry+https://github.com/rust-lang/crates.io-index"
checksum = "15305656809ce5a4805b1ff2946892810992197ce1270ff79baded852187942e"

[[package]]
name = "mime"
version = "0.0.7"
source = "registry+https://github.com/rust-lang/crates.io-index"
checksum = "9096d4574c1c8c2558914c66be0c0d9f863eeb98f255fc8bbd4032ae662510d0"
dependencies = [
 "log",
]

[[package]]
name = "mucell"
version = "0.1.11"
source = "registry+https://github.com/rust-lang/crates.io-index"
checksum = "de5f0d92efd0b894a3f9faa871e4d862e226da5bcf6187fba60c257fb61f3d0e"

[[package]]
name = "num_threads"
version = "0.1.6"
source = "registry+https://github.com/rust-lang/crates.io-index"
checksum = "2819ce041d2ee131036f4fc9d6ae7ae125a3a40e97ba64d04fe799ad9dabbb44"
dependencies = [
 "libc 0.2.126",
]

[[package]]
name = "openssl"
version = "0.2.17"
source = "registry+https://github.com/rust-lang/crates.io-index"
checksum = "d18c299adfd0088cc521c75136d6de9a039f67924633faf90c198addf0dd753e"
dependencies = [
 "openssl-sys",
]

[[package]]
name = "openssl-sys"
version = "0.2.17"
source = "registry+https://github.com/rust-lang/crates.io-index"
checksum = "ce6b89cf6a4178680e7cfe54b330cbe773c6641df2250576dfa79bbaf04fc455"
dependencies = [
 "libressl-pnacl-sys",
 "pkg-config",
]

[[package]]
name = "pkg-config"
version = "0.1.6"
source = "registry+https://github.com/rust-lang/crates.io-index"
checksum = "d27ba2935e83813bcb630562e18d0095bb46a0b76dfa17ddba9746a915a1c3b7"

[[package]]
name = "pnacl-build-helper"
version = "1.3.1"
source = "registry+https://github.com/rust-lang/crates.io-index"
checksum = "a342c887409e6db0c026dd9bcd6e424a62151173e56df542c5692aeed51e4fea"

[[package]]
name = "regex"
version = "0.1.10"
source = "registry+https://github.com/rust-lang/crates.io-index"
checksum = "077af2fa26e4a9fc110e173eda1e3ef55aba290a2dd88eea962d93b4fa692348"

[[package]]
name = "rustc-serialize"
version = "0.2.9"
source = "registry+https://github.com/rust-lang/crates.io-index"
checksum = "fd8a258820453028d7e6087ebee7b890ea0923f4a069a632a693d91e5d1e4066"

[[package]]
name = "time"
version = "0.1.14"
source = "registry+https://github.com/rust-lang/crates.io-index"
checksum = "781a6d20732aec6272f01c84180dab31e359c6da9560d26a52a4fdb2cc1708c2"
dependencies = [
 "gcc",
 "libc 0.1.0",
]

[[package]]
name = "time"
version = "0.3.9"
source = "registry+https://github.com/rust-lang/crates.io-index"
checksum = "c2702e08a7a860f005826c6815dcac101b19b5eb330c27fe4a5928fec1d20ddd"
dependencies = [
 "itoa",
 "libc 0.2.126",
 "num_threads",
 "time-macros",
]

[[package]]
name = "time-macros"
version = "0.2.4"
source = "registry+https://github.com/rust-lang/crates.io-index"
checksum = "42657b1a6f4d817cda8e7a0ace261fe0cc946cf3a80314390b22cc61ae080792"

[[package]]
name = "unicase"
version = "0.0.3"
source = "registry+https://github.com/rust-lang/crates.io-index"
checksum = "8923477bedc8821a8a7ebae8799865c02b8a3274620135ce414f4c15140b0bf2"

[[package]]
name = "unsafe-any"
version = "0.2.1"
source = "registry+https://github.com/rust-lang/crates.io-index"
checksum = "f9f13049ed5d9b574bfc86db05f466f877933d0b490da316dd47ced827d76e3c"

[[package]]
name = "url"
version = "0.2.17"
source = "registry+https://github.com/rust-lang/crates.io-index"
checksum = "7162890f3f2849123e682304b11e5079b6e5b49eb779a9836aec5918aa385f80"
dependencies = [
 "matches",
 "rustc-serialize",
]

[[package]]
name = "version_check"
version = "0.9.4"
source = "registry+https://github.com/rust-lang/crates.io-index"
checksum = "49874b5167b65d7193b8aba1567f5c7d93d001cafc34600cee003eda787e483f"

[[package]]
name = "webtest"
version = "0.0.1"
dependencies = [
 "hyper",
]
